// !$*UTF8*$!
{
	archiveVersion = 1;
	classes = {
	};
	objectVersion = 56;
	objects = {

/* Begin PBXBuildFile section */
		2900DF192B5F497E0063A962 /* app1BuckleApp.swift in Sources */ = {isa = PBXBuildFile; fileRef = 2900DF182B5F497E0063A962 /* app1BuckleApp.swift */; };
		2900DF1B2B5F497E0063A962 /* ContentView.swift in Sources */ = {isa = PBXBuildFile; fileRef = 2900DF1A2B5F497E0063A962 /* ContentView.swift */; };
		2900DF1D2B5F49800063A962 /* Assets.xcassets in Resources */ = {isa = PBXBuildFile; fileRef = 2900DF1C2B5F49800063A962 /* Assets.xcassets */; };
		2900DF212B5F49800063A962 /* Preview Assets.xcassets in Resources */ = {isa = PBXBuildFile; fileRef = 2900DF202B5F49800063A962 /* Preview Assets.xcassets */; };
		2900DF2B2B5F49800063A962 /* app1BuckleTests.swift in Sources */ = {isa = PBXBuildFile; fileRef = 2900DF2A2B5F49800063A962 /* app1BuckleTests.swift */; };
		2900DF352B5F49800063A962 /* app1BuckleUITests.swift in Sources */ = {isa = PBXBuildFile; fileRef = 2900DF342B5F49800063A962 /* app1BuckleUITests.swift */; };
		2900DF372B5F49800063A962 /* app1BuckleUITestsLaunchTests.swift in Sources */ = {isa = PBXBuildFile; fileRef = 2900DF362B5F49800063A962 /* app1BuckleUITestsLaunchTests.swift */; };
/* End PBXBuildFile section */

/* Begin PBXContainerItemProxy section */
		2900DF272B5F49800063A962 /* PBXContainerItemProxy */ = {
			isa = PBXContainerItemProxy;
			containerPortal = 2900DF0D2B5F497E0063A962 /* Project object */;
			proxyType = 1;
			remoteGlobalIDString = 2900DF142B5F497E0063A962;
			remoteInfo = app1Buckle;
		};
		2900DF312B5F49800063A962 /* PBXContainerItemProxy */ = {
			isa = PBXContainerItemProxy;
			containerPortal = 2900DF0D2B5F497E0063A962 /* Project object */;
			proxyType = 1;
			remoteGlobalIDString = 2900DF142B5F497E0063A962;
			remoteInfo = app1Buckle;
		};
/* End PBXContainerItemProxy section */

/* Begin PBXFileReference section */
		2900DF152B5F497E0063A962 /* app1Buckle.app */ = {isa = PBXFileReference; explicitFileType = wrapper.application; includeInIndex = 0; path = app1Buckle.app; sourceTree = BUILT_PRODUCTS_DIR; };
		2900DF182B5F497E0063A962 /* app1BuckleApp.swift */ = {isa = PBXFileReference; lastKnownFileType = sourcecode.swift; path = app1BuckleApp.swift; sourceTree = "<group>"; };
		2900DF1A2B5F497E0063A962 /* ContentView.swift */ = {isa = PBXFileReference; lastKnownFileType = sourcecode.swift; path = ContentView.swift; sourceTree = "<group>"; };
		2900DF1C2B5F49800063A962 /* Assets.xcassets */ = {isa = PBXFileReference; lastKnownFileType = folder.assetcatalog; path = Assets.xcassets; sourceTree = "<group>"; };
		2900DF1E2B5F49800063A962 /* app1Buckle.entitlements */ = {isa = PBXFileReference; lastKnownFileType = text.plist.entitlements; path = app1Buckle.entitlements; sourceTree = "<group>"; };
		2900DF202B5F49800063A962 /* Preview Assets.xcassets */ = {isa = PBXFileReference; lastKnownFileType = folder.assetcatalog; path = "Preview Assets.xcassets"; sourceTree = "<group>"; };
		2900DF262B5F49800063A962 /* app1BuckleTests.xctest */ = {isa = PBXFileReference; explicitFileType = wrapper.cfbundle; includeInIndex = 0; path = app1BuckleTests.xctest; sourceTree = BUILT_PRODUCTS_DIR; };
		2900DF2A2B5F49800063A962 /* app1BuckleTests.swift */ = {isa = PBXFileReference; lastKnownFileType = sourcecode.swift; path = app1BuckleTests.swift; sourceTree = "<group>"; };
		2900DF302B5F49800063A962 /* app1BuckleUITests.xctest */ = {isa = PBXFileReference; explicitFileType = wrapper.cfbundle; includeInIndex = 0; path = app1BuckleUITests.xctest; sourceTree = BUILT_PRODUCTS_DIR; };
		2900DF342B5F49800063A962 /* app1BuckleUITests.swift */ = {isa = PBXFileReference; lastKnownFileType = sourcecode.swift; path = app1BuckleUITests.swift; sourceTree = "<group>"; };
		2900DF362B5F49800063A962 /* app1BuckleUITestsLaunchTests.swift */ = {isa = PBXFileReference; lastKnownFileType = sourcecode.swift; path = app1BuckleUITestsLaunchTests.swift; sourceTree = "<group>"; };
/* End PBXFileReference section */

/* Begin PBXFrameworksBuildPhase section */
		2900DF122B5F497E0063A962 /* Frameworks */ = {
			isa = PBXFrameworksBuildPhase;
			buildActionMask = 2147483647;
			files = (
			);
			runOnlyForDeploymentPostprocessing = 0;
		};
		2900DF232B5F49800063A962 /* Frameworks */ = {
			isa = PBXFrameworksBuildPhase;
			buildActionMask = 2147483647;
			files = (
			);
			runOnlyForDeploymentPostprocessing = 0;
		};
		2900DF2D2B5F49800063A962 /* Frameworks */ = {
			isa = PBXFrameworksBuildPhase;
			buildActionMask = 2147483647;
			files = (
			);
			runOnlyForDeploymentPostprocessing = 0;
		};
/* End PBXFrameworksBuildPhase section */

/* Begin PBXGroup section */
		2900DF0C2B5F497E0063A962 = {
			isa = PBXGroup;
			children = (
				2900DF172B5F497E0063A962 /* app1Buckle */,
				2900DF292B5F49800063A962 /* app1BuckleTests */,
				2900DF332B5F49800063A962 /* app1BuckleUITests */,
				2900DF162B5F497E0063A962 /* Products */,
			);
			sourceTree = "<group>";
		};
		2900DF162B5F497E0063A962 /* Products */ = {
			isa = PBXGroup;
			children = (
				2900DF152B5F497E0063A962 /* app1Buckle.app */,
				2900DF262B5F49800063A962 /* app1BuckleTests.xctest */,
				2900DF302B5F49800063A962 /* app1BuckleUITests.xctest */,
			);
			name = Products;
			sourceTree = "<group>";
		};
		2900DF172B5F497E0063A962 /* app1Buckle */ = {
			isa = PBXGroup;
			children = (
				2900DF182B5F497E0063A962 /* app1BuckleApp.swift */,
				2900DF1A2B5F497E0063A962 /* ContentView.swift */,
				2900DF1C2B5F49800063A962 /* Assets.xcassets */,
				2900DF1E2B5F49800063A962 /* app1Buckle.entitlements */,
				2900DF1F2B5F49800063A962 /* Preview Content */,
			);
			path = app1Buckle;
			sourceTree = "<group>";
		};
		2900DF1F2B5F49800063A962 /* Preview Content */ = {
			isa = PBXGroup;
			children = (
				2900DF202B5F49800063A962 /* Preview Assets.xcassets */,
			);
			path = "Preview Content";
			sourceTree = "<group>";
		};
		2900DF292B5F49800063A962 /* app1BuckleTests */ = {
			isa = PBXGroup;
			children = (
				2900DF2A2B5F49800063A962 /* app1BuckleTests.swift */,
			);
			path = app1BuckleTests;
			sourceTree = "<group>";
		};
		2900DF332B5F49800063A962 /* app1BuckleUITests */ = {
			isa = PBXGroup;
			children = (
				2900DF342B5F49800063A962 /* app1BuckleUITests.swift */,
				2900DF362B5F49800063A962 /* app1BuckleUITestsLaunchTests.swift */,
			);
			path = app1BuckleUITests;
			sourceTree = "<group>";
		};
/* End PBXGroup section */

/* Begin PBXNativeTarget section */
		2900DF142B5F497E0063A962 /* app1Buckle */ = {
			isa = PBXNativeTarget;
			buildConfigurationList = 2900DF3A2B5F49800063A962 /* Build configuration list for PBXNativeTarget "app1Buckle" */;
			buildPhases = (
				2900DF112B5F497E0063A962 /* Sources */,
				2900DF122B5F497E0063A962 /* Frameworks */,
				2900DF132B5F497E0063A962 /* Resources */,
			);
			buildRules = (
			);
			dependencies = (
			);
			name = app1Buckle;
			productName = app1Buckle;
			productReference = 2900DF152B5F497E0063A962 /* app1Buckle.app */;
			productType = "com.apple.product-type.application";
		};
		2900DF252B5F49800063A962 /* app1BuckleTests */ = {
			isa = PBXNativeTarget;
			buildConfigurationList = 2900DF3D2B5F49800063A962 /* Build configuration list for PBXNativeTarget "app1BuckleTests" */;
			buildPhases = (
				2900DF222B5F49800063A962 /* Sources */,
				2900DF232B5F49800063A962 /* Frameworks */,
				2900DF242B5F49800063A962 /* Resources */,
			);
			buildRules = (
			);
			dependencies = (
				2900DF282B5F49800063A962 /* PBXTargetDependency */,
			);
			name = app1BuckleTests;
			productName = app1BuckleTests;
			productReference = 2900DF262B5F49800063A962 /* app1BuckleTests.xctest */;
			productType = "com.apple.product-type.bundle.unit-test";
		};
		2900DF2F2B5F49800063A962 /* app1BuckleUITests */ = {
			isa = PBXNativeTarget;
			buildConfigurationList = 2900DF402B5F49800063A962 /* Build configuration list for PBXNativeTarget "app1BuckleUITests" */;
			buildPhases = (
				2900DF2C2B5F49800063A962 /* Sources */,
				2900DF2D2B5F49800063A962 /* Frameworks */,
				2900DF2E2B5F49800063A962 /* Resources */,
			);
			buildRules = (
			);
			dependencies = (
				2900DF322B5F49800063A962 /* PBXTargetDependency */,
			);
			name = app1BuckleUITests;
			productName = app1BuckleUITests;
			productReference = 2900DF302B5F49800063A962 /* app1BuckleUITests.xctest */;
			productType = "com.apple.product-type.bundle.ui-testing";
		};
/* End PBXNativeTarget section */

/* Begin PBXProject section */
		2900DF0D2B5F497E0063A962 /* Project object */ = {
			isa = PBXProject;
			attributes = {
				BuildIndependentTargetsInParallel = 1;
				LastSwiftUpdateCheck = 1430;
				LastUpgradeCheck = 1430;
				TargetAttributes = {
					2900DF142B5F497E0063A962 = {
						CreatedOnToolsVersion = 14.3.1;
					};
					2900DF252B5F49800063A962 = {
						CreatedOnToolsVersion = 14.3.1;
						TestTargetID = 2900DF142B5F497E0063A962;
					};
					2900DF2F2B5F49800063A962 = {
						CreatedOnToolsVersion = 14.3.1;
						TestTargetID = 2900DF142B5F497E0063A962;
					};
				};
			};
			buildConfigurationList = 2900DF102B5F497E0063A962 /* Build configuration list for PBXProject "app1Buckle" */;
			compatibilityVersion = "Xcode 14.0";
			developmentRegion = en;
			hasScannedForEncodings = 0;
			knownRegions = (
				en,
				Base,
			);
			mainGroup = 2900DF0C2B5F497E0063A962;
			productRefGroup = 2900DF162B5F497E0063A962 /* Products */;
			projectDirPath = "";
			projectRoot = "";
			targets = (
				2900DF142B5F497E0063A962 /* app1Buckle */,
				2900DF252B5F49800063A962 /* app1BuckleTests */,
				2900DF2F2B5F49800063A962 /* app1BuckleUITests */,
			);
		};
/* End PBXProject section */

/* Begin PBXResourcesBuildPhase section */
		2900DF132B5F497E0063A962 /* Resources */ = {
			isa = PBXResourcesBuildPhase;
			buildActionMask = 2147483647;
			files = (
				2900DF212B5F49800063A962 /* Preview Assets.xcassets in Resources */,
				2900DF1D2B5F49800063A962 /* Assets.xcassets in Resources */,
			);
			runOnlyForDeploymentPostprocessing = 0;
		};
		2900DF242B5F49800063A962 /* Resources */ = {
			isa = PBXResourcesBuildPhase;
			buildActionMask = 2147483647;
			files = (
			);
			runOnlyForDeploymentPostprocessing = 0;
		};
		2900DF2E2B5F49800063A962 /* Resources */ = {
			isa = PBXResourcesBuildPhase;
			buildActionMask = 2147483647;
			files = (
			);
			runOnlyForDeploymentPostprocessing = 0;
		};
/* End PBXResourcesBuildPhase section */

/* Begin PBXSourcesBuildPhase section */
		2900DF112B5F497E0063A962 /* Sources */ = {
			isa = PBXSourcesBuildPhase;
			buildActionMask = 2147483647;
			files = (
				2900DF1B2B5F497E0063A962 /* ContentView.swift in Sources */,
				2900DF192B5F497E0063A962 /* app1BuckleApp.swift in Sources */,
			);
			runOnlyForDeploymentPostprocessing = 0;
		};
		2900DF222B5F49800063A962 /* Sources */ = {
			isa = PBXSourcesBuildPhase;
			buildActionMask = 2147483647;
			files = (
				2900DF2B2B5F49800063A962 /* app1BuckleTests.swift in Sources */,
			);
			runOnlyForDeploymentPostprocessing = 0;
		};
		2900DF2C2B5F49800063A962 /* Sources */ = {
			isa = PBXSourcesBuildPhase;
			buildActionMask = 2147483647;
			files = (
				2900DF372B5F49800063A962 /* app1BuckleUITestsLaunchTests.swift in Sources */,
				2900DF352B5F49800063A962 /* app1BuckleUITests.swift in Sources */,
			);
			runOnlyForDeploymentPostprocessing = 0;
		};
/* End PBXSourcesBuildPhase section */

/* Begin PBXTargetDependency section */
		2900DF282B5F49800063A962 /* PBXTargetDependency */ = {
			isa = PBXTargetDependency;
			target = 2900DF142B5F497E0063A962 /* app1Buckle */;
			targetProxy = 2900DF272B5F49800063A962 /* PBXContainerItemProxy */;
		};
		2900DF322B5F49800063A962 /* PBXTargetDependency */ = {
			isa = PBXTargetDependency;
			target = 2900DF142B5F497E0063A962 /* app1Buckle */;
			targetProxy = 2900DF312B5F49800063A962 /* PBXContainerItemProxy */;
		};
/* End PBXTargetDependency section */

/* Begin XCBuildConfiguration section */
		2900DF382B5F49800063A962 /* Debug */ = {
			isa = XCBuildConfiguration;
			buildSettings = {
				ALWAYS_SEARCH_USER_PATHS = NO;
				CLANG_ANALYZER_NONNULL = YES;
				CLANG_ANALYZER_NUMBER_OBJECT_CONVERSION = YES_AGGRESSIVE;
				CLANG_CXX_LANGUAGE_STANDARD = "gnu++20";
				CLANG_ENABLE_MODULES = YES;
				CLANG_ENABLE_OBJC_ARC = YES;
				CLANG_ENABLE_OBJC_WEAK = YES;
				CLANG_WARN_BLOCK_CAPTURE_AUTORELEASING = YES;
				CLANG_WARN_BOOL_CONVERSION = YES;
				CLANG_WARN_COMMA = YES;
				CLANG_WARN_CONSTANT_CONVERSION = YES;
				CLANG_WARN_DEPRECATED_OBJC_IMPLEMENTATIONS = YES;
				CLANG_WARN_DIRECT_OBJC_ISA_USAGE = YES_ERROR;
				CLANG_WARN_DOCUMENTATION_COMMENTS = YES;
				CLANG_WARN_EMPTY_BODY = YES;
				CLANG_WARN_ENUM_CONVERSION = YES;
				CLANG_WARN_INFINITE_RECURSION = YES;
				CLANG_WARN_INT_CONVERSION = YES;
				CLANG_WARN_NON_LITERAL_NULL_CONVERSION = YES;
				CLANG_WARN_OBJC_IMPLICIT_RETAIN_SELF = YES;
				CLANG_WARN_OBJC_LITERAL_CONVERSION = YES;
				CLANG_WARN_OBJC_ROOT_CLASS = YES_ERROR;
				CLANG_WARN_QUOTED_INCLUDE_IN_FRAMEWORK_HEADER = YES;
				CLANG_WARN_RANGE_LOOP_ANALYSIS = YES;
				CLANG_WARN_STRICT_PROTOTYPES = YES;
				CLANG_WARN_SUSPICIOUS_MOVE = YES;
				CLANG_WARN_UNGUARDED_AVAILABILITY = YES_AGGRESSIVE;
				CLANG_WARN_UNREACHABLE_CODE = YES;
				CLANG_WARN__DUPLICATE_METHOD_MATCH = YES;
				COPY_PHASE_STRIP = NO;
				DEBUG_INFORMATION_FORMAT = dwarf;
				ENABLE_STRICT_OBJC_MSGSEND = YES;
				ENABLE_TESTABILITY = YES;
				GCC_C_LANGUAGE_STANDARD = gnu11;
				GCC_DYNAMIC_NO_PIC = NO;
				GCC_NO_COMMON_BLOCKS = YES;
				GCC_OPTIMIZATION_LEVEL = 0;
				GCC_PREPROCESSOR_DEFINITIONS = (
					"DEBUG=1",
					"$(inherited)",
				);
				GCC_WARN_64_TO_32_BIT_CONVERSION = YES;
				GCC_WARN_ABOUT_RETURN_TYPE = YES_ERROR;
				GCC_WARN_UNDECLARED_SELECTOR = YES;
				GCC_WARN_UNINITIALIZED_AUTOS = YES_AGGRESSIVE;
				GCC_WARN_UNUSED_FUNCTION = YES;
				GCC_WARN_UNUSED_VARIABLE = YES;
				MTL_ENABLE_DEBUG_INFO = INCLUDE_SOURCE;
				MTL_FAST_MATH = YES;
				ONLY_ACTIVE_ARCH = YES;
				SWIFT_ACTIVE_COMPILATION_CONDITIONS = DEBUG;
				SWIFT_OPTIMIZATION_LEVEL = "-Onone";
			};
			name = Debug;
		};
		2900DF392B5F49800063A962 /* Release */ = {
			isa = XCBuildConfiguration;
			buildSettings = {
				ALWAYS_SEARCH_USER_PATHS = NO;
				CLANG_ANALYZER_NONNULL = YES;
				CLANG_ANALYZER_NUMBER_OBJECT_CONVERSION = YES_AGGRESSIVE;
				CLANG_CXX_LANGUAGE_STANDARD = "gnu++20";
				CLANG_ENABLE_MODULES = YES;
				CLANG_ENABLE_OBJC_ARC = YES;
				CLANG_ENABLE_OBJC_WEAK = YES;
				CLANG_WARN_BLOCK_CAPTURE_AUTORELEASING = YES;
				CLANG_WARN_BOOL_CONVERSION = YES;
				CLANG_WARN_COMMA = YES;
				CLANG_WARN_CONSTANT_CONVERSION = YES;
				CLANG_WARN_DEPRECATED_OBJC_IMPLEMENTATIONS = YES;
				CLANG_WARN_DIRECT_OBJC_ISA_USAGE = YES_ERROR;
				CLANG_WARN_DOCUMENTATION_COMMENTS = YES;
				CLANG_WARN_EMPTY_BODY = YES;
				CLANG_WARN_ENUM_CONVERSION = YES;
				CLANG_WARN_INFINITE_RECURSION = YES;
				CLANG_WARN_INT_CONVERSION = YES;
				CLANG_WARN_NON_LITERAL_NULL_CONVERSION = YES;
				CLANG_WARN_OBJC_IMPLICIT_RETAIN_SELF = YES;
				CLANG_WARN_OBJC_LITERAL_CONVERSION = YES;
				CLANG_WARN_OBJC_ROOT_CLASS = YES_ERROR;
				CLANG_WARN_QUOTED_INCLUDE_IN_FRAMEWORK_HEADER = YES;
				CLANG_WARN_RANGE_LOOP_ANALYSIS = YES;
				CLANG_WARN_STRICT_PROTOTYPES = YES;
				CLANG_WARN_SUSPICIOUS_MOVE = YES;
				CLANG_WARN_UNGUARDED_AVAILABILITY = YES_AGGRESSIVE;
				CLANG_WARN_UNREACHABLE_CODE = YES;
				CLANG_WARN__DUPLICATE_METHOD_MATCH = YES;
				COPY_PHASE_STRIP = NO;
				DEBUG_INFORMATION_FORMAT = "dwarf-with-dsym";
				ENABLE_NS_ASSERTIONS = NO;
				ENABLE_STRICT_OBJC_MSGSEND = YES;
				GCC_C_LANGUAGE_STANDARD = gnu11;
				GCC_NO_COMMON_BLOCKS = YES;
				GCC_WARN_64_TO_32_BIT_CONVERSION = YES;
				GCC_WARN_ABOUT_RETURN_TYPE = YES_ERROR;
				GCC_WARN_UNDECLARED_SELECTOR = YES;
				GCC_WARN_UNINITIALIZED_AUTOS = YES_AGGRESSIVE;
				GCC_WARN_UNUSED_FUNCTION = YES;
				GCC_WARN_UNUSED_VARIABLE = YES;
				MTL_ENABLE_DEBUG_INFO = NO;
				MTL_FAST_MATH = YES;
				SWIFT_COMPILATION_MODE = wholemodule;
				SWIFT_OPTIMIZATION_LEVEL = "-O";
			};
			name = Release;
		};
		2900DF3B2B5F49800063A962 /* Debug */ = {
			isa = XCBuildConfiguration;
			buildSettings = {
				ASSETCATALOG_COMPILER_APPICON_NAME = AppIcon;
				ASSETCATALOG_COMPILER_GLOBAL_ACCENT_COLOR_NAME = AccentColor;
				CODE_SIGN_ENTITLEMENTS = app1Buckle/app1Buckle.entitlements;
				CODE_SIGN_STYLE = Automatic;
				CURRENT_PROJECT_VERSION = 1;
				DEVELOPMENT_ASSET_PATHS = "\"app1Buckle/Preview Content\"";
				DEVELOPMENT_TEAM = 5QW46A69AH;
				ENABLE_HARDENED_RUNTIME = YES;
				ENABLE_PREVIEWS = YES;
				GENERATE_INFOPLIST_FILE = YES;
				"INFOPLIST_KEY_UIApplicationSceneManifest_Generation[sdk=iphoneos*]" = YES;
				"INFOPLIST_KEY_UIApplicationSceneManifest_Generation[sdk=iphonesimulator*]" = YES;
				"INFOPLIST_KEY_UIApplicationSupportsIndirectInputEvents[sdk=iphoneos*]" = YES;
				"INFOPLIST_KEY_UIApplicationSupportsIndirectInputEvents[sdk=iphonesimulator*]" = YES;
				"INFOPLIST_KEY_UILaunchScreen_Generation[sdk=iphoneos*]" = YES;
				"INFOPLIST_KEY_UILaunchScreen_Generation[sdk=iphonesimulator*]" = YES;
				"INFOPLIST_KEY_UIStatusBarStyle[sdk=iphoneos*]" = UIStatusBarStyleDefault;
				"INFOPLIST_KEY_UIStatusBarStyle[sdk=iphonesimulator*]" = UIStatusBarStyleDefault;
				INFOPLIST_KEY_UISupportedInterfaceOrientations_iPad = "UIInterfaceOrientationPortrait UIInterfaceOrientationPortraitUpsideDown UIInterfaceOrientationLandscapeLeft UIInterfaceOrientationLandscapeRight";
				INFOPLIST_KEY_UISupportedInterfaceOrientations_iPhone = "UIInterfaceOrientationPortrait UIInterfaceOrientationLandscapeLeft UIInterfaceOrientationLandscapeRight";
				IPHONEOS_DEPLOYMENT_TARGET = 16.4;
				LD_RUNPATH_SEARCH_PATHS = "@executable_path/Frameworks";
				"LD_RUNPATH_SEARCH_PATHS[sdk=macosx*]" = "@executable_path/../Frameworks";
				MACOSX_DEPLOYMENT_TARGET = 13.3;
				MARKETING_VERSION = 1.0;
				PRODUCT_BUNDLE_IDENTIFIER = appdev.app1Buckle;
				PRODUCT_NAME = "$(TARGET_NAME)";
				SDKROOT = auto;
				SUPPORTED_PLATFORMS = "iphoneos iphonesimulator macosx";
				SWIFT_EMIT_LOC_STRINGS = YES;
				SWIFT_VERSION = 5.0;
				TARGETED_DEVICE_FAMILY = "1,2";
			};
			name = Debug;
		};
		2900DF3C2B5F49800063A962 /* Release */ = {
			isa = XCBuildConfiguration;
			buildSettings = {
				ASSETCATALOG_COMPILER_APPICON_NAME = AppIcon;
				ASSETCATALOG_COMPILER_GLOBAL_ACCENT_COLOR_NAME = AccentColor;
				CODE_SIGN_ENTITLEMENTS = app1Buckle/app1Buckle.entitlements;
				CODE_SIGN_STYLE = Automatic;
				CURRENT_PROJECT_VERSION = 1;
				DEVELOPMENT_ASSET_PATHS = "\"app1Buckle/Preview Content\"";
				DEVELOPMENT_TEAM = 5QW46A69AH;
				ENABLE_HARDENED_RUNTIME = YES;
				ENABLE_PREVIEWS = YES;
				GENERATE_INFOPLIST_FILE = YES;
				"INFOPLIST_KEY_UIApplicationSceneManifest_Generation[sdk=iphoneos*]" = YES;
				"INFOPLIST_KEY_UIApplicationSceneManifest_Generation[sdk=iphonesimulator*]" = YES;
				"INFOPLIST_KEY_UIApplicationSupportsIndirectInputEvents[sdk=iphoneos*]" = YES;
				"INFOPLIST_KEY_UIApplicationSupportsIndirectInputEvents[sdk=iphonesimulator*]" = YES;
				"INFOPLIST_KEY_UILaunchScreen_Generation[sdk=iphoneos*]" = YES;
				"INFOPLIST_KEY_UILaunchScreen_Generation[sdk=iphonesimulator*]" = YES;
				"INFOPLIST_KEY_UIStatusBarStyle[sdk=iphoneos*]" = UIStatusBarStyleDefault;
				"INFOPLIST_KEY_UIStatusBarStyle[sdk=iphonesimulator*]" = UIStatusBarStyleDefault;
				INFOPLIST_KEY_UISupportedInterfaceOrientations_iPad = "UIInterfaceOrientationPortrait UIInterfaceOrientationPortraitUpsideDown UIInterfaceOrientationLandscapeLeft UIInterfaceOrientationLandscapeRight";
				INFOPLIST_KEY_UISupportedInterfaceOrientations_iPhone = "UIInterfaceOrientationPortrait UIInterfaceOrientationLandscapeLeft UIInterfaceOrientationLandscapeRight";
				IPHONEOS_DEPLOYMENT_TARGET = 16.4;
				LD_RUNPATH_SEARCH_PATHS = "@executable_path/Frameworks";
				"LD_RUNPATH_SEARCH_PATHS[sdk=macosx*]" = "@executable_path/../Frameworks";
				MACOSX_DEPLOYMENT_TARGET = 13.3;
				MARKETING_VERSION = 1.0;
				PRODUCT_BUNDLE_IDENTIFIER = appdev.app1Buckle;
				PRODUCT_NAME = "$(TARGET_NAME)";
				SDKROOT = auto;
				SUPPORTED_PLATFORMS = "iphoneos iphonesimulator macosx";
				SWIFT_EMIT_LOC_STRINGS = YES;
				SWIFT_VERSION = 5.0;
				TARGETED_DEVICE_FAMILY = "1,2";
			};
			name = Release;
		};
		2900DF3E2B5F49800063A962 /* Debug */ = {
			isa = XCBuildConfiguration;
			buildSettings = {
				ALWAYS_EMBED_SWIFT_STANDARD_LIBRARIES = YES;
				BUNDLE_LOADER = "$(TEST_HOST)";
				CODE_SIGN_STYLE = Automatic;
				CURRENT_PROJECT_VERSION = 1;
				DEVELOPMENT_TEAM = 5QW46A69AH;
				GENERATE_INFOPLIST_FILE = YES;
				IPHONEOS_DEPLOYMENT_TARGET = 16.4;
				MACOSX_DEPLOYMENT_TARGET = 13.3;
				MARKETING_VERSION = 1.0;
				PRODUCT_BUNDLE_IDENTIFIER = appdev.app1BuckleTests;
				PRODUCT_NAME = "$(TARGET_NAME)";
				SDKROOT = auto;
				SUPPORTED_PLATFORMS = "iphoneos iphonesimulator macosx";
				SWIFT_EMIT_LOC_STRINGS = NO;
				SWIFT_VERSION = 5.0;
				TARGETED_DEVICE_FAMILY = "1,2";
				TEST_HOST = "$(BUILT_PRODUCTS_DIR)/app1Buckle.app/$(BUNDLE_EXECUTABLE_FOLDER_PATH)/app1Buckle";
			};
			name = Debug;
		};
		2900DF3F2B5F49800063A962 /* Release */ = {
			isa = XCBuildConfiguration;
			buildSettings = {
				ALWAYS_EMBED_SWIFT_STANDARD_LIBRARIES = YES;
				BUNDLE_LOADER = "$(TEST_HOST)";
				CODE_SIGN_STYLE = Automatic;
				CURRENT_PROJECT_VERSION = 1;
				DEVELOPMENT_TEAM = 5QW46A69AH;
				GENERATE_INFOPLIST_FILE = YES;
				IPHONEOS_DEPLOYMENT_TARGET = 16.4;
				MACOSX_DEPLOYMENT_TARGET = 13.3;
				MARKETING_VERSION = 1.0;
				PRODUCT_BUNDLE_IDENTIFIER = appdev.app1BuckleTests;
				PRODUCT_NAME = "$(TARGET_NAME)";
				SDKROOT = auto;
				SUPPORTED_PLATFORMS = "iphoneos iphonesimulator macosx";
				SWIFT_EMIT_LOC_STRINGS = NO;
				SWIFT_VERSION = 5.0;
				TARGETED_DEVICE_FAMILY = "1,2";
				TEST_HOST = "$(BUILT_PRODUCTS_DIR)/app1Buckle.app/$(BUNDLE_EXECUTABLE_FOLDER_PATH)/app1Buckle";
			};
			name = Release;
		};
		2900DF412B5F49800063A962 /* Debug */ = {
			isa = XCBuildConfiguration;
			buildSettings = {
				ALWAYS_EMBED_SWIFT_STANDARD_LIBRARIES = YES;
				CODE_SIGN_STYLE = Automatic;
				CURRENT_PROJECT_VERSION = 1;
				DEVELOPMENT_TEAM = 5QW46A69AH;
				GENERATE_INFOPLIST_FILE = YES;
				IPHONEOS_DEPLOYMENT_TARGET = 16.4;
				MACOSX_DEPLOYMENT_TARGET = 13.3;
				MARKETING_VERSION = 1.0;
				PRODUCT_BUNDLE_IDENTIFIER = appdev.app1BuckleUITests;
				PRODUCT_NAME = "$(TARGET_NAME)";
				SDKROOT = auto;
				SUPPORTED_PLATFORMS = "iphoneos iphonesimulator macosx";
				SWIFT_EMIT_LOC_STRINGS = NO;
				SWIFT_VERSION = 5.0;
				TARGETED_DEVICE_FAMILY = "1,2";
				TEST_TARGET_NAME = app1Buckle;
			};
			name = Debug;
		};
		2900DF422B5F49800063A962 /* Release */ = {
			isa = XCBuildConfiguration;
			buildSettings = {
				ALWAYS_EMBED_SWIFT_STANDARD_LIBRARIES = YES;
				CODE_SIGN_STYLE = Automatic;
				CURRENT_PROJECT_VERSION = 1;
				DEVELOPMENT_TEAM = 5QW46A69AH;
				GENERATE_INFOPLIST_FILE = YES;
				IPHONEOS_DEPLOYMENT_TARGET = 16.4;
				MACOSX_DEPLOYMENT_TARGET = 13.3;
				MARKETING_VERSION = 1.0;
				PRODUCT_BUNDLE_IDENTIFIER = appdev.app1BuckleUITests;
				PRODUCT_NAME = "$(TARGET_NAME)";
				SDKROOT = auto;
				SUPPORTED_PLATFORMS = "iphoneos iphonesimulator macosx";
				SWIFT_EMIT_LOC_STRINGS = NO;
				SWIFT_VERSION = 5.0;
				TARGETED_DEVICE_FAMILY = "1,2";
				TEST_TARGET_NAME = app1Buckle;
			};
			name = Release;
		};
/* End XCBuildConfiguration section */

/* Begin XCConfigurationList section */
		2900DF102B5F497E0063A962 /* Build configuration list for PBXProject "app1Buckle" */ = {
			isa = XCConfigurationList;
			buildConfigurations = (
				2900DF382B5F49800063A962 /* Debug */,
				2900DF392B5F49800063A962 /* Release */,
			);
			defaultConfigurationIsVisible = 0;
			defaultConfigurationName = Release;
		};
		2900DF3A2B5F49800063A962 /* Build configuration list for PBXNativeTarget "app1Buckle" */ = {
			isa = XCConfigurationList;
			buildConfigurations = (
				2900DF3B2B5F49800063A962 /* Debug */,
				2900DF3C2B5F49800063A962 /* Release */,
			);
			defaultConfigurationIsVisible = 0;
			defaultConfigurationName = Release;
		};
		2900DF3D2B5F49800063A962 /* Build configuration list for PBXNativeTarget "app1BuckleTests" */ = {
			isa = XCConfigurationList;
			buildConfigurations = (
				2900DF3E2B5F49800063A962 /* Debug */,
				2900DF3F2B5F49800063A962 /* Release */,
			);
			defaultConfigurationIsVisible = 0;
			defaultConfigurationName = Release;
		};
		2900DF402B5F49800063A962 /* Build configuration list for PBXNativeTarget "app1BuckleUITests" */ = {
			isa = XCConfigurationList;
			buildConfigurations = (
				2900DF412B5F49800063A962 /* Debug */,
				2900DF422B5F49800063A962 /* Release */,
			);
			defaultConfigurationIsVisible = 0;
			defaultConfigurationName = Release;
		};
/* End XCConfigurationList section */
	};
	rootObject = 2900DF0D2B5F497E0063A962 /* Project object */;
}
